
Microsoft Visual Studio Solution File, Format Version 12.00
# Visual Studio Version 16
VisualStudioVersion = 16.0.30503.244
MinimumVisualStudioVersion = 10.0.40219.1
Project("{FAE04EC0-301F-11D3-BF4B-00C04F79EFBC}") = "PyExecutor", "PyExecutor\PyExecutor.csproj", "{C6971C00-8B7A-4D76-B14C-34466401989A}"
EndProject
Global
	GlobalSection(SolutionConfigurationPlatforms) = preSolution
		Debug|Any CPU = Debug|Any CPU
		Release|Any CPU = Release|Any CPU
	EndGlobalSection
	GlobalSection(ProjectConfigurationPlatforms) = postSolution
		{C6971C00-8B7A-4D76-B14C-34466401989A}.Debug|Any CPU.ActiveCfg = Debug|Any CPU
		{C6971C00-8B7A-4D76-B14C-34466401989A}.Debug|Any CPU.Build.0 = Debug|Any CPU
		{C6971C00-8B7A-4D76-B14C-34466401989A}.Release|Any CPU.ActiveCfg = Release|Any CPU
		{C6971C00-8B7A-4D76-B14C-34466401989A}.Release|Any CPU.Build.0 = Release|Any CPU
	EndGlobalSection
	GlobalSection(SolutionProperties) = preSolution
		HideSolutionNode = FALSE
	EndGlobalSection
	GlobalSection(ExtensibilityGlobals) = postSolution
		SolutionGuid = {BE8FA284-90CC-4399-8115-9A48D9E6178B}
	EndGlobalSection
EndGlobal
